
Microsoft Visual Studio Solution File, Format Version 12.00
# Visual Studio 2017
Project("{FAE04EC0-301F-11D3-BF4B-00C04F79EFBC}") = "TemplateProject", "TemplateProject.csproj", "{A98F7A3B-2EE4-CECD-1F56-7DCDA6C49E47}"
EndProject
Project("{FAE04EC0-301F-11D3-BF4B-00C04F79EFBC}") = "TemplateProject.Editor", "TemplateProject.Editor.csproj", "{84E4EA03-C17B-537E-AA97-F1F5298A06DF}"
EndProject
Global
	GlobalSection(SolutionConfigurationPlatforms) = preSolution
		Debug|Any CPU = Debug|Any CPU
		Release|Any CPU = Release|Any CPU
	EndGlobalSection
	GlobalSection(ProjectConfigurationPlatforms) = postSolution
		{A98F7A3B-2EE4-CECD-1F56-7DCDA6C49E47}.Debug|Any CPU.ActiveCfg = Debug|Any CPU
		{A98F7A3B-2EE4-CECD-1F56-7DCDA6C49E47}.Debug|Any CPU.Build.0 = Debug|Any CPU
		{A98F7A3B-2EE4-CECD-1F56-7DCDA6C49E47}.Release|Any CPU.ActiveCfg = Release|Any CPU
		{A98F7A3B-2EE4-CECD-1F56-7DCDA6C49E47}.Release|Any CPU.Build.0 = Release|Any CPU
		{84E4EA03-C17B-537E-AA97-F1F5298A06DF}.Debug|Any CPU.ActiveCfg = Debug|Any CPU
		{84E4EA03-C17B-537E-AA97-F1F5298A06DF}.Debug|Any CPU.Build.0 = Debug|Any CPU
		{84E4EA03-C17B-537E-AA97-F1F5298A06DF}.Release|Any CPU.ActiveCfg = Release|Any CPU
		{84E4EA03-C17B-537E-AA97-F1F5298A06DF}.Release|Any CPU.Build.0 = Release|Any CPU
	EndGlobalSection
	GlobalSection(SolutionProperties) = preSolution
		HideSolutionNode = FALSE
	EndGlobalSection
EndGlobal
