
Microsoft Visual Studio Solution File, Format Version 12.00
# Visual Studio 15
Project("{FAE04EC0-301F-11D3-BF4B-00C04F79EFBC}") = "Unity_TemplateProject", "Unity_TemplateProject.csproj", "{B631C8C8-A8D8-047C-F2E8-AFB50499D6B9}"
EndProject
Project("{FAE04EC0-301F-11D3-BF4B-00C04F79EFBC}") = "Unity_TemplateProject.Editor", "Unity_TemplateProject.Editor.csproj", "{2E0220ED-4FE9-ED8A-AC02-7DDFAB3AC7FE}"
EndProject
Global
	GlobalSection(SolutionConfigurationPlatforms) = preSolution
		Debug|Any CPU = Debug|Any CPU
		Release|Any CPU = Release|Any CPU
	EndGlobalSection
	GlobalSection(ProjectConfigurationPlatforms) = postSolution
		{B631C8C8-A8D8-047C-F2E8-AFB50499D6B9}.Debug|Any CPU.ActiveCfg = Debug|Any CPU
		{B631C8C8-A8D8-047C-F2E8-AFB50499D6B9}.Debug|Any CPU.Build.0 = Debug|Any CPU
		{B631C8C8-A8D8-047C-F2E8-AFB50499D6B9}.Release|Any CPU.ActiveCfg = Release|Any CPU
		{B631C8C8-A8D8-047C-F2E8-AFB50499D6B9}.Release|Any CPU.Build.0 = Release|Any CPU
		{2E0220ED-4FE9-ED8A-AC02-7DDFAB3AC7FE}.Debug|Any CPU.ActiveCfg = Debug|Any CPU
		{2E0220ED-4FE9-ED8A-AC02-7DDFAB3AC7FE}.Debug|Any CPU.Build.0 = Debug|Any CPU
		{2E0220ED-4FE9-ED8A-AC02-7DDFAB3AC7FE}.Release|Any CPU.ActiveCfg = Release|Any CPU
		{2E0220ED-4FE9-ED8A-AC02-7DDFAB3AC7FE}.Release|Any CPU.Build.0 = Release|Any CPU
	EndGlobalSection
	GlobalSection(SolutionProperties) = preSolution
		HideSolutionNode = FALSE
	EndGlobalSection
EndGlobal
